
Microsoft Visual Studio Solution File, Format Version 12.00
# Visual Studio 2012
Project("{FAE04EC0-301F-11D3-BF4B-00C04F79EFBC}") = "Arogya", "Arogya\Arogya.csproj", "{DCF1D814-E55D-474D-BCFF-F9B42EACCAC3}"
EndProject
Project("{2150E333-8FDC-42A3-9474-1A3956D46DE8}") = "Solution Items", "Solution Items", "{6B04BAED-56E1-4B1C-9D94-F50DCDE6CB69}"
EndProject
Global
	GlobalSection(SolutionConfigurationPlatforms) = preSolution
		Debug|Any CPU = Debug|Any CPU
		Release|Any CPU = Release|Any CPU
	EndGlobalSection
	GlobalSection(ProjectConfigurationPlatforms) = postSolution
		{DCF1D814-E55D-474D-BCFF-F9B42EACCAC3}.Debug|Any CPU.ActiveCfg = Debug|Any CPU
		{DCF1D814-E55D-474D-BCFF-F9B42EACCAC3}.Debug|Any CPU.Build.0 = Debug|Any CPU
		{DCF1D814-E55D-474D-BCFF-F9B42EACCAC3}.Release|Any CPU.ActiveCfg = Release|Any CPU
		{DCF1D814-E55D-474D-BCFF-F9B42EACCAC3}.Release|Any CPU.Build.0 = Release|Any CPU
	EndGlobalSection
	GlobalSection(SolutionProperties) = preSolution
		HideSolutionNode = FALSE
	EndGlobalSection
EndGlobal
